
Microsoft Visual Studio Solution File, Format Version 12.00
# Visual Studio Version 16
VisualStudioVersion = 16.0.33214.272
MinimumVisualStudioVersion = 10.0.40219.1
Project("{FAE04EC0-301F-11D3-BF4B-00C04F79EFBC}") = "FactoryPattern", "FactoryPattern\FactoryPattern.csproj", "{9870183D-8C0F-4B7F-B70A-4DC8D5D983B6}"
EndProject
Global
	GlobalSection(SolutionConfigurationPlatforms) = preSolution
		Debug|Any CPU = Debug|Any CPU
		Release|Any CPU = Release|Any CPU
	EndGlobalSection
	GlobalSection(ProjectConfigurationPlatforms) = postSolution
		{9870183D-8C0F-4B7F-B70A-4DC8D5D983B6}.Debug|Any CPU.ActiveCfg = Debug|Any CPU
		{9870183D-8C0F-4B7F-B70A-4DC8D5D983B6}.Debug|Any CPU.Build.0 = Debug|Any CPU
		{9870183D-8C0F-4B7F-B70A-4DC8D5D983B6}.Release|Any CPU.ActiveCfg = Release|Any CPU
		{9870183D-8C0F-4B7F-B70A-4DC8D5D983B6}.Release|Any CPU.Build.0 = Release|Any CPU
	EndGlobalSection
	GlobalSection(SolutionProperties) = preSolution
		HideSolutionNode = FALSE
	EndGlobalSection
	GlobalSection(ExtensibilityGlobals) = postSolution
		SolutionGuid = {E5225A29-4E26-472F-8E62-52A7D74F8823}
	EndGlobalSection
EndGlobal
